
Microsoft Visual Studio Solution File, Format Version 12.00
# Visual Studio 14
VisualStudioVersion = 14.0.25123.0
MinimumVisualStudioVersion = 10.0.40219.1
Project("{EE45C5E6-5E91-43EE-80F7-82BB3B111892}") = "Sitecore.Support.8051", "Sitecore.Support.8051\Sitecore.Support.8051.csproj", "{529A6DD8-86A5-4688-865E-A78AC4F71FC0}"
EndProject
Global
	GlobalSection(SolutionConfigurationPlatforms) = preSolution
		Debug|Any CPU = Debug|Any CPU
		Release|Any CPU = Release|Any CPU
	EndGlobalSection
	GlobalSection(ProjectConfigurationPlatforms) = postSolution
		{529A6DD8-86A5-4688-865E-A78AC4F71FC0}.Debug|Any CPU.ActiveCfg = Debug|Any CPU
		{529A6DD8-86A5-4688-865E-A78AC4F71FC0}.Debug|Any CPU.Build.0 = Debug|Any CPU
		{529A6DD8-86A5-4688-865E-A78AC4F71FC0}.Release|Any CPU.ActiveCfg = Release|Any CPU
		{529A6DD8-86A5-4688-865E-A78AC4F71FC0}.Release|Any CPU.Build.0 = Release|Any CPU
	EndGlobalSection
	GlobalSection(SolutionProperties) = preSolution
		HideSolutionNode = FALSE
	EndGlobalSection
EndGlobal
